
Microsoft Visual Studio Solution File, Format Version 12.00
# Visual Studio 2013
VisualStudioVersion = 12.0.30501.0
MinimumVisualStudioVersion = 10.0.40219.1
Project("{8BC9CEB8-8B4A-11D0-8D11-00A0C91BC942}") = "20210808", "20210808\20210808.vcxproj", "{ADD4D819-7569-4E54-A9D7-236C39A6190C}"
EndProject
Global
	GlobalSection(SolutionConfigurationPlatforms) = preSolution
		Debug|Win32 = Debug|Win32
		Release|Win32 = Release|Win32
	EndGlobalSection
	GlobalSection(ProjectConfigurationPlatforms) = postSolution
		{ADD4D819-7569-4E54-A9D7-236C39A6190C}.Debug|Win32.ActiveCfg = Debug|Win32
		{ADD4D819-7569-4E54-A9D7-236C39A6190C}.Debug|Win32.Build.0 = Debug|Win32
		{ADD4D819-7569-4E54-A9D7-236C39A6190C}.Release|Win32.ActiveCfg = Release|Win32
		{ADD4D819-7569-4E54-A9D7-236C39A6190C}.Release|Win32.Build.0 = Release|Win32
	EndGlobalSection
	GlobalSection(SolutionProperties) = preSolution
		HideSolutionNode = FALSE
	EndGlobalSection
EndGlobal
